{
  "name": "rss_reading",
  "lockfileVersion": 3,
  "requires": true,
  "packages": {
    "": {
      "dependencies": {
        "uview-pro": "^0.0.22",
        "x2js": "^3.4.4"
      }
    },
    "node_modules/@xmldom/xmldom": {
      "version": "0.8.11",
      "resolved": "https://registry.npmmirror.com/@xmldom/xmldom/-/xmldom-0.8.11.tgz",
      "integrity": "sha512-cQzWCtO6C8TQiYl1ruKNn2U6Ao4o4WBBcbL61yJl84x+j5sOWWFU9X7DpND8XZG3daDppSsigMdfAIl2upQBRw==",
      "license": "MIT",
      "engines": {
        "node": ">=10.0.0"
      }
    },
    "node_modules/uview-pro": {
      "version": "0.0.22",
      "resolved": "https://registry.npmmirror.com/uview-pro/-/uview-pro-0.0.22.tgz",
      "integrity": "sha512-lnEfhPwMPMXyghNjlNi3M2dt/19J936KzVfVon0eteDeibUjFtXOMt3yt4z/pfdhVRNJ7qlr8Ta0I5ICbhcugQ==",
      "license": "MIT",
      "engines": {
        "HBuilderX": "^4.07",
        "uni-app": "^4.07",
        "uni-app-x": ""
      }
    },
    "node_modules/x2js": {
      "version": "3.4.4",
      "resolved": "https://registry.npmmirror.com/x2js/-/x2js-3.4.4.tgz",
      "integrity": "sha512-yG/ThaBCgnsa3aoMPAe7QwDpcyU4D70hjXC4Y1lZSfD/Tgd0MpE19FnZZRAjekryw0c8cffpOt9zsPEiqktO6Q==",
      "license": "Apache-2.0",
      "dependencies": {
        "@xmldom/xmldom": "^0.8.3"
      }
    }
  }
}
